# This file is autogenerated, do not edit; changes may be undone by the next 'dep ensure'.


[[projects]]
  digest = "1:870d441fe217b8e689d7949fef6e43efbc787e50f200cb1e70dbca9204a1d6be"
  name = "github.com/inconshreveable/mousetrap"
  packages = ["."]
  pruneopts = "UT"
  revision = "76626ae9c91c4f2a10f34cad8ce83ea42c93bb75"
  version = "v1.0"

[[projects]]
  branch = "master"
  digest = "1:e7a1af77ee190b4c4558142e769a6ab5df14e9f5768119f630128cff9060df54"
  name = "github.com/monochromegane/go-gitignore"
  packages = ["."]
  pruneopts = "UT"
  revision = "38717d0a108ca0e5af632cd6845ca77d45b50729"

[[projects]]
  digest = "1:f6adcf4df6c030a53a14a8fdbb3fade7cac3d014ff78a4e0de500b4c0cf5154f"
  name = "github.com/spf13/cobra"
  packages = ["."]
  pruneopts = "UT"
  revision = "a684a6d7f5e37385d954dd3b5a14fc6912c6ab9d"
  version = "v1.0.0"

[[projects]]
  digest = "1:524b71991fc7d9246cc7dc2d9e0886ccb97648091c63e30eef619e6862c955dd"
  name = "github.com/spf13/pflag"
  packages = ["."]
  pruneopts = "UT"
  revision = "2e9d26c8c37aae03e3f9d4e90b7116f5accb7cab"
  version = "v1.0.5"

[[projects]]
  digest = "1:e60f2f1cd2e8dfdea48c2440c303d103266e754ab1d8b75796a4e4caddb7a68c"
  name = "github.com/tealeg/xlsx"
  packages = ["."]
  pruneopts = "UT"
  revision = "8be35264fa75a1bbe954ce51eba04f273e2c59e5"
  version = "v1.0.3"

[[projects]]
  branch = "master"
  digest = "1:a38c75e7edd595bbaa03334c1ac26163a5e990d81f05cd9ec5fd0edc9c786078"
  name = "github.com/texttheater/golang-levenshtein"
  packages = ["levenshtein"]
  pruneopts = "UT"
  revision = "d188e65d659ef53fcdb0691c12f1bba64928b649"

[[projects]]
  digest = "1:b24d38b282bacf9791408a080f606370efa3d364e4b5fd9ba0f7b87786d3b679"
  name = "github.com/urfave/cli"
  packages = ["."]
  pruneopts = "UT"
  revision = "cfb38830724cc34fedffe9a2a29fb54fa9169cd1"
  version = "v1.20.0"

[solve-meta]
  analyzer-name = "dep"
  analyzer-version = 1
  input-imports = [
    "github.com/monochromegane/go-gitignore",
    "github.com/spf13/cobra",
    "github.com/tealeg/xlsx",
    "github.com/texttheater/golang-levenshtein/levenshtein",
    "github.com/urfave/cli",
  ]
  solver-name = "gps-cdcl"
  solver-version = 1
